
Microsoft Visual Studio Solution File, Format Version 12.00
# Visual Studio Version 17
VisualStudioVersion = 17.11.35327.3
MinimumVisualStudioVersion = 10.0.40219.1
Project("{FAE04EC0-301F-11D3-BF4B-00C04F79EFBC}") = "CafeShopManagement", "CafeShopManagement\CafeShopManagement.csproj", "{23C2EBCD-26DA-4436-BBFE-BE689279E26B}"
EndProject
Global
	GlobalSection(SolutionConfigurationPlatforms) = preSolution
		Debug|Any CPU = Debug|Any CPU
		Release|Any CPU = Release|Any CPU
	EndGlobalSection
	GlobalSection(ProjectConfigurationPlatforms) = postSolution
		{23C2EBCD-26DA-4436-BBFE-BE689279E26B}.Debug|Any CPU.ActiveCfg = Debug|Any CPU
		{23C2EBCD-26DA-4436-BBFE-BE689279E26B}.Debug|Any CPU.Build.0 = Debug|Any CPU
		{23C2EBCD-26DA-4436-BBFE-BE689279E26B}.Release|Any CPU.ActiveCfg = Release|Any CPU
		{23C2EBCD-26DA-4436-BBFE-BE689279E26B}.Release|Any CPU.Build.0 = Release|Any CPU
	EndGlobalSection
	GlobalSection(SolutionProperties) = preSolution
		HideSolutionNode = FALSE
	EndGlobalSection
	GlobalSection(ExtensibilityGlobals) = postSolution
		SolutionGuid = {2B7BB178-EC4C-4000-ADA7-54386786497F}
	EndGlobalSection
EndGlobal
